
Microsoft Visual Studio Solution File, Format Version 12.00
# Visual Studio 14
VisualStudioVersion = 14.0.23107.0
MinimumVisualStudioVersion = 10.0.40219.1
Project("{FAE04EC0-301F-11D3-BF4B-00C04F79EFBC}") = "NLogTest.ConsoleApp", "NLogTest.ConsoleApp\NLogTest.ConsoleApp.csproj", "{1853B21A-886C-447A-B993-CA008EA6157D}"
EndProject
Global
	GlobalSection(SolutionConfigurationPlatforms) = preSolution
		Debug|Any CPU = Debug|Any CPU
		Release|Any CPU = Release|Any CPU
	EndGlobalSection
	GlobalSection(ProjectConfigurationPlatforms) = postSolution
		{1853B21A-886C-447A-B993-CA008EA6157D}.Debug|Any CPU.ActiveCfg = Debug|Any CPU
		{1853B21A-886C-447A-B993-CA008EA6157D}.Debug|Any CPU.Build.0 = Debug|Any CPU
		{1853B21A-886C-447A-B993-CA008EA6157D}.Release|Any CPU.ActiveCfg = Release|Any CPU
		{1853B21A-886C-447A-B993-CA008EA6157D}.Release|Any CPU.Build.0 = Release|Any CPU
	EndGlobalSection
	GlobalSection(SolutionProperties) = preSolution
		HideSolutionNode = FALSE
	EndGlobalSection
EndGlobal
